
Microsoft Visual Studio Solution File, Format Version 12.00
# Visual Studio Version 17
VisualStudioVersion = 17.9.34902.65
MinimumVisualStudioVersion = 10.0.40219.1
Project("{FAE04EC0-301F-11D3-BF4B-00C04F79EFBC}") = "API", "API\API.csproj", "{0B30A6E5-2D1F-44F3-873A-7841FF1C9A7E}"
EndProject
Project("{FAE04EC0-301F-11D3-BF4B-00C04F79EFBC}") = "API.Tests", "API.Tests\API.Tests.csproj", "{1807FD26-7361-4EA9-B1DA-6CDB323C3DAF}"
EndProject
Global
	GlobalSection(SolutionConfigurationPlatforms) = preSolution
		Debug|Any CPU = Debug|Any CPU
		Release|Any CPU = Release|Any CPU
	EndGlobalSection
	GlobalSection(ProjectConfigurationPlatforms) = postSolution
		{0B30A6E5-2D1F-44F3-873A-7841FF1C9A7E}.Debug|Any CPU.ActiveCfg = Debug|Any CPU
		{0B30A6E5-2D1F-44F3-873A-7841FF1C9A7E}.Debug|Any CPU.Build.0 = Debug|Any CPU
		{0B30A6E5-2D1F-44F3-873A-7841FF1C9A7E}.Release|Any CPU.ActiveCfg = Release|Any CPU
		{0B30A6E5-2D1F-44F3-873A-7841FF1C9A7E}.Release|Any CPU.Build.0 = Release|Any CPU
		{1807FD26-7361-4EA9-B1DA-6CDB323C3DAF}.Debug|Any CPU.ActiveCfg = Debug|Any CPU
		{1807FD26-7361-4EA9-B1DA-6CDB323C3DAF}.Debug|Any CPU.Build.0 = Debug|Any CPU
		{1807FD26-7361-4EA9-B1DA-6CDB323C3DAF}.Release|Any CPU.ActiveCfg = Release|Any CPU
		{1807FD26-7361-4EA9-B1DA-6CDB323C3DAF}.Release|Any CPU.Build.0 = Release|Any CPU
	EndGlobalSection
	GlobalSection(SolutionProperties) = preSolution
		HideSolutionNode = FALSE
	EndGlobalSection
	GlobalSection(ExtensibilityGlobals) = postSolution
		SolutionGuid = {948FF68F-0CDC-43FB-8064-150B2C768624}
	EndGlobalSection
EndGlobal
