
Microsoft Visual Studio Solution File, Format Version 12.00
# Visual Studio Version 17
VisualStudioVersion = 17.9.34902.65
MinimumVisualStudioVersion = 10.0.40219.1
Project("{FAE04EC0-301F-11D3-BF4B-00C04F79EFBC}") = "OutlineManager", "OutlineManager\OutlineManager.csproj", "{1AFB2026-040A-4C50-9B0C-1D7A95E36609}"
EndProject
Project("{FAE04EC0-301F-11D3-BF4B-00C04F79EFBC}") = "OutlineManager.Client", "OutlineManager.Client\OutlineManager.Client.csproj", "{749A16BB-171F-47F4-89CD-DE7C3A609E0A}"
EndProject
Global
	GlobalSection(SolutionConfigurationPlatforms) = preSolution
		Debug|Any CPU = Debug|Any CPU
		Release|Any CPU = Release|Any CPU
	EndGlobalSection
	GlobalSection(ProjectConfigurationPlatforms) = postSolution
		{1AFB2026-040A-4C50-9B0C-1D7A95E36609}.Debug|Any CPU.ActiveCfg = Debug|Any CPU
		{1AFB2026-040A-4C50-9B0C-1D7A95E36609}.Debug|Any CPU.Build.0 = Debug|Any CPU
		{1AFB2026-040A-4C50-9B0C-1D7A95E36609}.Release|Any CPU.ActiveCfg = Release|Any CPU
		{1AFB2026-040A-4C50-9B0C-1D7A95E36609}.Release|Any CPU.Build.0 = Release|Any CPU
		{749A16BB-171F-47F4-89CD-DE7C3A609E0A}.Debug|Any CPU.ActiveCfg = Debug|Any CPU
		{749A16BB-171F-47F4-89CD-DE7C3A609E0A}.Debug|Any CPU.Build.0 = Debug|Any CPU
		{749A16BB-171F-47F4-89CD-DE7C3A609E0A}.Release|Any CPU.ActiveCfg = Release|Any CPU
		{749A16BB-171F-47F4-89CD-DE7C3A609E0A}.Release|Any CPU.Build.0 = Release|Any CPU
	EndGlobalSection
	GlobalSection(SolutionProperties) = preSolution
		HideSolutionNode = FALSE
	EndGlobalSection
	GlobalSection(ExtensibilityGlobals) = postSolution
		SolutionGuid = {D87E03C3-49F0-4598-83A5-548687B816FA}
	EndGlobalSection
EndGlobal
